
Microsoft Visual Studio Solution File, Format Version 12.00
# Visual Studio 14
VisualStudioVersion = 14.0.25420.1
MinimumVisualStudioVersion = 10.0.40219.1
Project("{FAE04EC0-301F-11D3-BF4B-00C04F79EFBC}") = "HBSIS_Test_Clients", "HBSIS_Test_Clients\HBSIS_Test_Clients.csproj", "{766C8CBC-C800-45EB-8C0D-1E8CCCCDBB8F}"
EndProject
Project("{FAE04EC0-301F-11D3-BF4B-00C04F79EFBC}") = "HBSIS_Test_Clients.Tests", "HBSIS_Test_Clients.Tests\HBSIS_Test_Clients.Tests.csproj", "{B07E81B0-3B95-437F-B011-E3CDE0BD0F6A}"
EndProject
Global
	GlobalSection(SolutionConfigurationPlatforms) = preSolution
		Debug|Any CPU = Debug|Any CPU
		Release|Any CPU = Release|Any CPU
	EndGlobalSection
	GlobalSection(ProjectConfigurationPlatforms) = postSolution
		{766C8CBC-C800-45EB-8C0D-1E8CCCCDBB8F}.Debug|Any CPU.ActiveCfg = Debug|Any CPU
		{766C8CBC-C800-45EB-8C0D-1E8CCCCDBB8F}.Debug|Any CPU.Build.0 = Debug|Any CPU
		{766C8CBC-C800-45EB-8C0D-1E8CCCCDBB8F}.Release|Any CPU.ActiveCfg = Release|Any CPU
		{766C8CBC-C800-45EB-8C0D-1E8CCCCDBB8F}.Release|Any CPU.Build.0 = Release|Any CPU
		{B07E81B0-3B95-437F-B011-E3CDE0BD0F6A}.Debug|Any CPU.ActiveCfg = Debug|Any CPU
		{B07E81B0-3B95-437F-B011-E3CDE0BD0F6A}.Debug|Any CPU.Build.0 = Debug|Any CPU
		{B07E81B0-3B95-437F-B011-E3CDE0BD0F6A}.Release|Any CPU.ActiveCfg = Release|Any CPU
		{B07E81B0-3B95-437F-B011-E3CDE0BD0F6A}.Release|Any CPU.Build.0 = Release|Any CPU
	EndGlobalSection
	GlobalSection(SolutionProperties) = preSolution
		HideSolutionNode = FALSE
	EndGlobalSection
EndGlobal
